
Microsoft Visual Studio Solution File, Format Version 12.00
# Visual Studio Version 17
VisualStudioVersion = 17.11.35303.130
MinimumVisualStudioVersion = 10.0.40219.1
Project("{FAE04EC0-301F-11D3-BF4B-00C04F79EFBC}") = "Homework", "Homework\Homework.csproj", "{8951A68D-15E4-4F94-BE9A-7C8C1AD41AB5}"
EndProject
Global
	GlobalSection(SolutionConfigurationPlatforms) = preSolution
		Debug|Any CPU = Debug|Any CPU
		Release|Any CPU = Release|Any CPU
	EndGlobalSection
	GlobalSection(ProjectConfigurationPlatforms) = postSolution
		{8951A68D-15E4-4F94-BE9A-7C8C1AD41AB5}.Debug|Any CPU.ActiveCfg = Debug|Any CPU
		{8951A68D-15E4-4F94-BE9A-7C8C1AD41AB5}.Debug|Any CPU.Build.0 = Debug|Any CPU
		{8951A68D-15E4-4F94-BE9A-7C8C1AD41AB5}.Release|Any CPU.ActiveCfg = Release|Any CPU
		{8951A68D-15E4-4F94-BE9A-7C8C1AD41AB5}.Release|Any CPU.Build.0 = Release|Any CPU
	EndGlobalSection
	GlobalSection(SolutionProperties) = preSolution
		HideSolutionNode = FALSE
	EndGlobalSection
	GlobalSection(ExtensibilityGlobals) = postSolution
		SolutionGuid = {ABECDB0D-83D3-4F95-A0AF-B5317E3979DE}
	EndGlobalSection
EndGlobal
